github.com/davecgh/go-spew v1.1.0/go.mod h1:EOP3hRoFGh3+rzYT+J/DgwIJsFZksm0/1ljUqmJ7kck=
github.com/davecgh/go-spew v1.1.1 h1:vj9j/u1bqnvCEfJOwUhtlOARqs3+rkHYY13jYWTU97c=
github.com/davecgh/go-spew v1.1.1/go.mod h1:EOP3hRoFGh3+rzYT+J/DgwIJsFZksm0/1ljUqmJ7kck=
github.com/gin-contrib/sse v0.1.0 h1:Y/yl/+YNO8GZSjAhjMsSuLt29uWRFHdHYUb5lYOV9qE=
github.com/gin-contrib/sse v0.1.0/go.mod h1:as8TzayK367c4tRsMu6MNdkGYyYBtQqpxAi0+IwfL98=
github.com/gin-gonic/gin v1.6.3 h1:ahKqKTFpO5KTPHxWZjEdPScmYaGtLo8Y4DMHoEsnp14=
github.com/gin-gonic/gin v1.6.3/go.mod h1:8UotUoFUM3RtwAtVemzk1CLAE6Y59acXUfmt64Mrk2k=
github.com/go-playground/assert/v2 v2.0.1 h1:MsBgLAaY856+nPRTKrp3/OZK38U/wa0CcBYNjji3q3A=
github.com/go-playground/assert/v2 v2.0.1/go.mod h1:LRCmTCkvjrQzJC501oRUnbdk8yen1dH331bcEBsSEE0=
github.com/go-playground/locales v0.13.0 h1:HyWk6mgj5qFqCT5fjGBuRArbVDfE4hi8+e8ceBS/t7Q=
github.com/go-playground/locales v0.13.0/go.mod h1:Chsyl+pVZyT7hoYbVmGlh8d4bnbFzllpNqVI+qq4X3I=
github.com/go-playground/universal-translator v0.17.0 h1:icxd5fm+REJzpZx7ZfpaD876Lmtgy7VtROAbHHXk8no=
github.com/go-playground/universal-translator v0.17.0/go.mod h1:f69FRR5ziwBaqpYG4BL/1Pe5ddiTzo1hvxtEsXCyuPA=
github.com/go-playground/validator/v10 v10.2.0 h1:KgJ0snyC2R9VXYN2rneOtQcw5aHQB1Vv0sFl1UcHBOY=
github.com/go-playground/validator/v10 v10.2.0/go.mod h1:hybZuaXmEGzf0Nyn09hVfVXvHPS+FKonrcP8r+C8rVU=
github.com/go-sql-driver/mysql v1.5.0 h1:ozyZYNQW3x3HtqT1jira07DN2PArx2v7/mN66gGcHOs=
github.com/go-sql-driver/mysql v1.5.0/go.mod h1:oNh6Nfv4W2JB+vvl2fa9CV+t/Fk8tSu6oVEW23uAUco=
github.com/golang/protobuf v1.3.3 h1:gyjaxf+svBWX08ZjK86iN9geUJF0H6gp2IRKX6Nf6/I=
github.com/golang/protobuf v1.3.3/go.mod h1:6NMRsP2e1ttyGfD+ogPZbufplhSm2V9HVNDTksO6LMY=
github.com/google/gofuzz v1.0.0/go.mod h1:PXyEdOTrIihoA+Aidqwvf8XiTm7WoAj7drvo5Af4mmU=
github.com/json-iterator/go v1.1.9 h1:9yzud/Ht36ygwatGx56VwCZtlI/2AD15T1X2sjSuGns=
github.com/json-iterator/go v1.1.9/go.mod h1:Gk3Wn40tI0PrvLmoeayJYmDzxZkQHLnaEGC8+Czk7P8=
github.com/leodido/go-urn v1.2.0 h1:hpXL4XnriNwQ/ABnpepYM/1vCLWNDfUNts8dX3xTG6Y=
github.com/leodido/go-urn v1.2.0/go.mod h1:ROe4onm9egPGkEM6tysDFJUdXaW5jdFJI5YprhNMlEI=
github.com/mattn/go-isatty v0.0.12 h1:wuysRhFDzyxgEmMf5xjvJ2M9dZoWAXNNr5LSBS7uHXY=
github.com/mattn/go-isatty v0.0.12/go.mod h1:gIwxT9pcSyLDxDYeFLmAWlTiRa96p9T+I8kNp55DckQ=
github.com/modern-go/concurrent v0.0.0-20180228061459-e0a39a4cb421 h1:ZqeYNhU3OHLH3mGKHDcjJRFFRrJa6eAM5H+CtDdOsPc=
github.com/modern-go/concurrent v0.0.0-20180228061459-e0a39a4cb421/go.mod h1:wR/t/ntXLG7rc3yFFrNq78iVn91exg71A/xfrTCU/rc=
github.com/modern-go/reflect2 v0.0.0-20180701023420-4b7aa43c6742 h1:Esafd1046DLDQ0W1YjYsBW+p8U2u7vzgW2SQVmlNazg=
github.com/modern-go/reflect2 v0.0.0-20180701023420-4b7aa43c6742/go.mod h1:IxoBjyXnYPLSjMdTZAVrI2iFiJu85k3xzh9dZWI4c9c=
github.com/pmezard/go-difflib v1.0.0 h1:4DBwDE0NGyQoBHbLQYPwSUPoCMWR5BEzIk/f1lZbAQM=
github.com/pmezard/go-difflib v1.0.0/go.mod h1:V8AGL4QOSBqars9gWgBBCrkjWgGPCR1cAPIGnGOnDVE=
github.com/stretchr/objx v0.1.0/go.mod h1:uKNXSX7eZC5mTnTT7wCRKjw0XYfJY1ZcbTUoXU9M0E0=
github.com/stretchr/testify v1.3.0/go.mod h1:JY0fuygzA3L8rRZct67ReERdJzFe9Mlf0c20yiwW6kw=
github.com/stretchr/testify v1.4.0 h1:2E4SXV/wtOkTonXsotYi4li6zVWxYlZuYNCXe9XRJyk=
github.com/stretchr/testify v1.4.0/go.mod h1:ANCWHMqbM7B6yDGhmaltu/Wmz5hnKPCT5Am9OFuR5s0=
github.com/ugorji/go v1.1.7 h1:/68gy2h+1mWMrwZFeD1kQialdSzAb432dtpeJ42ovdo=
github.com/ugorji/go v1.1.7/go.mod h1:FXaXEZYGj7A9OKeQ3MdtE5Or0Gv245fTj+BG81pNK0w=
github.com/ugorji/go/codec v1.1.7 h1:2SvQaVZ1ouYrrKKwoSk2pzd4A9evlKJb9oTL+OaLUSs=
github.com/ugorji/go/codec v1.1.7/go.mod h1:TnT4DZVuNJkwVKJfTkED7Oej6JvLExk0PCSB0DbHDxU=
golang.org/x/sys v0.0.0-20200116001909-b77594299b42 h1:vEOn+mP2zCOVzKckCZy6YsCtDblrpj/w7B9nxGNELpg=
golang.org/x/sys v0.0.0-20200116001909-b77594299b42/go.mod h1:gFFYwLTV/1VUs4/7/0oH4ch3paU15w+lsUH+6tVaJdQ=
golang.org/x/text v0.3.2/go.mod h1:PCIYdJr8xLS1zEtxMhuw0lKuMen5gbPtTPnk/T36U5E=
golang.org/x/tools v0.0.0-20180917221912-90fa682c2a6e/go.mod h1:ikIJm81xdnh1GaKt/Ea3XgvDSzbyRwVGI/5yZtsv3ls=
gopkg.in/check.v1 v0.0.0-20161208181325-20d25e280405 h1:yhCVgyC4o1eVCa2tZl7eS0r+SDo693bJlVdllGtEeKM=
gopkg.in/check.v1 v0.0.0-20161208181325-20d25e280405/go.mod h1:gdzWXqXtX9L6F72GT78ZeqEXIriZvmxn41K5vfDdYRk=
gopkg.in/yaml.v2 v2.2.2/go.mod h1:OpeCkeFpDZMA12GEMb1WtYq/q8hmYOHr/vCfhbrzuYw=
gopkg.in/yaml.v2 v2.2.8 h1:obN1ZagJSUGI0Ek/LBmuj4SNLPfIny3KsKFopxRdj10=
gopkg.in/yaml.v2 v2.2.8/go.mod h1:OpeCkeFpDZMA12GEMb1WtYq/q8hmYOHr/vCfhbrzuYw=
